
Microsoft Visual Studio Solution File, Format Version 12.00
# Visual Studio Version 17
VisualStudioVersion = 17.5.33530.505
MinimumVisualStudioVersion = 10.0.40219.1
Project("{FAE04EC0-301F-11D3-BF4B-00C04F79EFBC}") = "TempControl", "TempControl\TempControl.csproj", "{A12DB85E-E917-408D-BA57-2D962E2FD804}"
EndProject
Global
	GlobalSection(SolutionConfigurationPlatforms) = preSolution
		Debug|Any CPU = Debug|Any CPU
		Release|Any CPU = Release|Any CPU
	EndGlobalSection
	GlobalSection(ProjectConfigurationPlatforms) = postSolution
		{A12DB85E-E917-408D-BA57-2D962E2FD804}.Debug|Any CPU.ActiveCfg = Debug|Any CPU
		{A12DB85E-E917-408D-BA57-2D962E2FD804}.Debug|Any CPU.Build.0 = Debug|Any CPU
		{A12DB85E-E917-408D-BA57-2D962E2FD804}.Release|Any CPU.ActiveCfg = Release|Any CPU
		{A12DB85E-E917-408D-BA57-2D962E2FD804}.Release|Any CPU.Build.0 = Release|Any CPU
	EndGlobalSection
	GlobalSection(SolutionProperties) = preSolution
		HideSolutionNode = FALSE
	EndGlobalSection
	GlobalSection(ExtensibilityGlobals) = postSolution
		SolutionGuid = {9877C0E9-BA86-4C85-99B5-94474DDB2F2C}
	EndGlobalSection
EndGlobal
